// !$*UTF8*$!
{
	archiveVersion = 1;
	classes = {
	};
	objectVersion = 50;
	objects = {

/* Begin PBXBuildFile section */
		110EF45E26BC35E5000BB897 /* crypto_trackerApp.swift in Sources */ = {isa = PBXBuildFile; fileRef = 110EF45D26BC35E5000BB897 /* crypto_trackerApp.swift */; };
		110EF46026BC35E5000BB897 /* ContentView.swift in Sources */ = {isa = PBXBuildFile; fileRef = 110EF45F26BC35E5000BB897 /* ContentView.swift */; };
		110EF46526BC35E6000BB897 /* Preview Assets.xcassets in Resources */ = {isa = PBXBuildFile; fileRef = 110EF46426BC35E6000BB897 /* Preview Assets.xcassets */; };
		110EF46D26BC36B2000BB897 /* Assets.xcassets in Resources */ = {isa = PBXBuildFile; fileRef = 110EF46C26BC36B2000BB897 /* Assets.xcassets */; };
		110EF47026BC3709000BB897 /* Color.swift in Sources */ = {isa = PBXBuildFile; fileRef = 110EF46F26BC3709000BB897 /* Color.swift */; };
		110EF47626BC38A1000BB897 /* HomeView.swift in Sources */ = {isa = PBXBuildFile; fileRef = 110EF47526BC38A1000BB897 /* HomeView.swift */; };
		110EF47A26BC397F000BB897 /* CircleButtonView.swift in Sources */ = {isa = PBXBuildFile; fileRef = 110EF47926BC397F000BB897 /* CircleButtonView.swift */; };
		1127A4E526C9A11200C8A5EE /* MarketDataService.swift in Sources */ = {isa = PBXBuildFile; fileRef = 1127A4E426C9A11200C8A5EE /* MarketDataService.swift */; };
		1127A4E726CA5DF300C8A5EE /* PortfolioView.swift in Sources */ = {isa = PBXBuildFile; fileRef = 1127A4E626CA5DF300C8A5EE /* PortfolioView.swift */; };
		1127A4EA26CA607000C8A5EE /* XMarkButton.swift in Sources */ = {isa = PBXBuildFile; fileRef = 1127A4E926CA607000C8A5EE /* XMarkButton.swift */; };
		1127A4EC26CA623800C8A5EE /* CoinLogoView.swift in Sources */ = {isa = PBXBuildFile; fileRef = 1127A4EB26CA623800C8A5EE /* CoinLogoView.swift */; };
		1127A4EF26CA8F7600C8A5EE /* PortfolioContainer.xcdatamodeld in Sources */ = {isa = PBXBuildFile; fileRef = 1127A4ED26CA8F7600C8A5EE /* PortfolioContainer.xcdatamodeld */; };
		1127A4F126CA900000C8A5EE /* PortfolioDataService.swift in Sources */ = {isa = PBXBuildFile; fileRef = 1127A4F026CA900000C8A5EE /* PortfolioDataService.swift */; };
		1166316126BC49B2002BCBD3 /* CircleButtonAnimationView.swift in Sources */ = {isa = PBXBuildFile; fileRef = 1166316026BC49B2002BCBD3 /* CircleButtonAnimationView.swift */; };
		1166316426BD6328002BCBD3 /* CoinModel.swift in Sources */ = {isa = PBXBuildFile; fileRef = 1166316326BD6328002BCBD3 /* CoinModel.swift */; };
		1166316626BD67CB002BCBD3 /* CoinRowView.swift in Sources */ = {isa = PBXBuildFile; fileRef = 1166316526BD67CB002BCBD3 /* CoinRowView.swift */; };
		1166316826BD6821002BCBD3 /* PreviewProvider.swift in Sources */ = {isa = PBXBuildFile; fileRef = 1166316726BD6821002BCBD3 /* PreviewProvider.swift */; };
		1166316A26BD6B4C002BCBD3 /* Double.swift in Sources */ = {isa = PBXBuildFile; fileRef = 1166316926BD6B4C002BCBD3 /* Double.swift */; };
		1166316C26BD84EF002BCBD3 /* HomeViewModel.swift in Sources */ = {isa = PBXBuildFile; fileRef = 1166316B26BD84EF002BCBD3 /* HomeViewModel.swift */; };
		1166316F26BD8B7F002BCBD3 /* CoinDataService.swift in Sources */ = {isa = PBXBuildFile; fileRef = 1166316E26BD8B7F002BCBD3 /* CoinDataService.swift */; };
		1166317226BDC806002BCBD3 /* NetworkManager.swift in Sources */ = {isa = PBXBuildFile; fileRef = 1166317126BDC806002BCBD3 /* NetworkManager.swift */; };
		1166317626BDD042002BCBD3 /* CoinImageView.swift in Sources */ = {isa = PBXBuildFile; fileRef = 1166317526BDD042002BCBD3 /* CoinImageView.swift */; };
		1166317826BDD1BE002BCBD3 /* CoinImageService.swift in Sources */ = {isa = PBXBuildFile; fileRef = 1166317726BDD1BE002BCBD3 /* CoinImageService.swift */; };
		1166317A26BDD352002BCBD3 /* CoinImageViewModel.swift in Sources */ = {isa = PBXBuildFile; fileRef = 1166317926BDD352002BCBD3 /* CoinImageViewModel.swift */; };
		1166317C26C13156002BCBD3 /* LocalFileManager.swift in Sources */ = {isa = PBXBuildFile; fileRef = 1166317B26C13156002BCBD3 /* LocalFileManager.swift */; };
		1166317F26C15924002BCBD3 /* SearchBarView.swift in Sources */ = {isa = PBXBuildFile; fileRef = 1166317E26C15924002BCBD3 /* SearchBarView.swift */; };
		1166318126C15E52002BCBD3 /* UIApplication.swift in Sources */ = {isa = PBXBuildFile; fileRef = 1166318026C15E52002BCBD3 /* UIApplication.swift */; };
		1166318326C296B2002BCBD3 /* StatisticsModel.swift in Sources */ = {isa = PBXBuildFile; fileRef = 1166318226C296B2002BCBD3 /* StatisticsModel.swift */; };
		1166318626C297EA002BCBD3 /* MarketStatisticsView.swift in Sources */ = {isa = PBXBuildFile; fileRef = 1166318526C297EA002BCBD3 /* MarketStatisticsView.swift */; };
		1166318826C29BDE002BCBD3 /* HomeStatisticsView.swift in Sources */ = {isa = PBXBuildFile; fileRef = 1166318726C29BDE002BCBD3 /* HomeStatisticsView.swift */; };
		1166318A26C29F07002BCBD3 /* MarketDataModel.swift in Sources */ = {isa = PBXBuildFile; fileRef = 1166318926C29F07002BCBD3 /* MarketDataModel.swift */; };
		11B68C7926CAABAC007AA8E9 /* HapticManager.swift in Sources */ = {isa = PBXBuildFile; fileRef = 11B68C7826CAABAC007AA8E9 /* HapticManager.swift */; };
		11B68C8226CAF8E4007AA8E9 /* CoinDetailModel.swift in Sources */ = {isa = PBXBuildFile; fileRef = 11B68C8126CAF8E4007AA8E9 /* CoinDetailModel.swift */; };
		11B68C8426CAFBAD007AA8E9 /* DetailViewModel.swift in Sources */ = {isa = PBXBuildFile; fileRef = 11B68C8326CAFBAD007AA8E9 /* DetailViewModel.swift */; };
		11B68C8626CAFBEA007AA8E9 /* CoinDetailDataService.swift in Sources */ = {isa = PBXBuildFile; fileRef = 11B68C8526CAFBEA007AA8E9 /* CoinDetailDataService.swift */; };
		11F3339326CB03660061763A /* DetailView.swift in Sources */ = {isa = PBXBuildFile; fileRef = 11F3339226CB03660061763A /* DetailView.swift */; };
		11F3339526CBADF30061763A /* ChartView.swift in Sources */ = {isa = PBXBuildFile; fileRef = 11F3339426CBADF30061763A /* ChartView.swift */; };
		11F3339726CBB8FB0061763A /* Date.swift in Sources */ = {isa = PBXBuildFile; fileRef = 11F3339626CBB8FB0061763A /* Date.swift */; };
		11F3339926CBC7F30061763A /* String.swift in Sources */ = {isa = PBXBuildFile; fileRef = 11F3339826CBC7F30061763A /* String.swift */; };
		11F3339D26CBCFA00061763A /* SettingsView.swift in Sources */ = {isa = PBXBuildFile; fileRef = 11F3339C26CBCFA00061763A /* SettingsView.swift */; };
/* End PBXBuildFile section */

/* Begin PBXFileReference section */
		110EF45A26BC35E5000BB897 /* crypto-tracker.app */ = {isa = PBXFileReference; explicitFileType = wrapper.application; includeInIndex = 0; path = "crypto-tracker.app"; sourceTree = BUILT_PRODUCTS_DIR; };
		110EF45D26BC35E5000BB897 /* crypto_trackerApp.swift */ = {isa = PBXFileReference; lastKnownFileType = sourcecode.swift; path = crypto_trackerApp.swift; sourceTree = "<group>"; };
		110EF45F26BC35E5000BB897 /* ContentView.swift */ = {isa = PBXFileReference; lastKnownFileType = sourcecode.swift; path = ContentView.swift; sourceTree = "<group>"; };
		110EF46426BC35E6000BB897 /* Preview Assets.xcassets */ = {isa = PBXFileReference; lastKnownFileType = folder.assetcatalog; path = "Preview Assets.xcassets"; sourceTree = "<group>"; };
		110EF46626BC35E6000BB897 /* Info.plist */ = {isa = PBXFileReference; lastKnownFileType = text.plist.xml; path = Info.plist; sourceTree = "<group>"; };
		110EF46C26BC36B2000BB897 /* Assets.xcassets */ = {isa = PBXFileReference; lastKnownFileType = folder.assetcatalog; name = Assets.xcassets; path = ../../../Downloads/Resources/Assets.xcassets; sourceTree = "<group>"; };
		110EF46F26BC3709000BB897 /* Color.swift */ = {isa = PBXFileReference; lastKnownFileType = sourcecode.swift; path = Color.swift; sourceTree = "<group>"; };
		110EF47526BC38A1000BB897 /* HomeView.swift */ = {isa = PBXFileReference; lastKnownFileType = sourcecode.swift; path = HomeView.swift; sourceTree = "<group>"; };
		110EF47926BC397F000BB897 /* CircleButtonView.swift */ = {isa = PBXFileReference; lastKnownFileType = sourcecode.swift; path = CircleButtonView.swift; sourceTree = "<group>"; };
		1127A4E426C9A11200C8A5EE /* MarketDataService.swift */ = {isa = PBXFileReference; lastKnownFileType = sourcecode.swift; path = MarketDataService.swift; sourceTree = "<group>"; };
		1127A4E626CA5DF300C8A5EE /* PortfolioView.swift */ = {isa = PBXFileReference; lastKnownFileType = sourcecode.swift; path = PortfolioView.swift; sourceTree = "<group>"; };
		1127A4E926CA607000C8A5EE /* XMarkButton.swift */ = {isa = PBXFileReference; lastKnownFileType = sourcecode.swift; path = XMarkButton.swift; sourceTree = "<group>"; };
		1127A4EB26CA623800C8A5EE /* CoinLogoView.swift */ = {isa = PBXFileReference; lastKnownFileType = sourcecode.swift; path = CoinLogoView.swift; sourceTree = "<group>"; };
		1127A4EE26CA8F7600C8A5EE /* PortfolioContainer.xcdatamodel */ = {isa = PBXFileReference; lastKnownFileType = wrapper.xcdatamodel; path = PortfolioContainer.xcdatamodel; sourceTree = "<group>"; };
		1127A4F026CA900000C8A5EE /* PortfolioDataService.swift */ = {isa = PBXFileReference; lastKnownFileType = sourcecode.swift; path = PortfolioDataService.swift; sourceTree = "<group>"; };
		1166316026BC49B2002BCBD3 /* CircleButtonAnimationView.swift */ = {isa = PBXFileReference; lastKnownFileType = sourcecode.swift; path = CircleButtonAnimationView.swift; sourceTree = "<group>"; };
		1166316326BD6328002BCBD3 /* CoinModel.swift */ = {isa = PBXFileReference; lastKnownFileType = sourcecode.swift; path = CoinModel.swift; sourceTree = "<group>"; };
		1166316526BD67CB002BCBD3 /* CoinRowView.swift */ = {isa = PBXFileReference; lastKnownFileType = sourcecode.swift; path = CoinRowView.swift; sourceTree = "<group>"; };
		1166316726BD6821002BCBD3 /* PreviewProvider.swift */ = {isa = PBXFileReference; lastKnownFileType = sourcecode.swift; path = PreviewProvider.swift; sourceTree = "<group>"; };
		1166316926BD6B4C002BCBD3 /* Double.swift */ = {isa = PBXFileReference; lastKnownFileType = sourcecode.swift; path = Double.swift; sourceTree = "<group>"; };
		1166316B26BD84EF002BCBD3 /* HomeViewModel.swift */ = {isa = PBXFileReference; lastKnownFileType = sourcecode.swift; path = HomeViewModel.swift; sourceTree = "<group>"; };
		1166316E26BD8B7F002BCBD3 /* CoinDataService.swift */ = {isa = PBXFileReference; lastKnownFileType = sourcecode.swift; path = CoinDataService.swift; sourceTree = "<group>"; };
		1166317126BDC806002BCBD3 /* NetworkManager.swift */ = {isa = PBXFileReference; lastKnownFileType = sourcecode.swift; path = NetworkManager.swift; sourceTree = "<group>"; };
		1166317526BDD042002BCBD3 /* CoinImageView.swift */ = {isa = PBXFileReference; lastKnownFileType = sourcecode.swift; path = CoinImageView.swift; sourceTree = "<group>"; };
		1166317726BDD1BE002BCBD3 /* CoinImageService.swift */ = {isa = PBXFileReference; lastKnownFileType = sourcecode.swift; path = CoinImageService.swift; sourceTree = "<group>"; };
		1166317926BDD352002BCBD3 /* CoinImageViewModel.swift */ = {isa = PBXFileReference; lastKnownFileType = sourcecode.swift; path = CoinImageViewModel.swift; sourceTree = "<group>"; };
		1166317B26C13156002BCBD3 /* LocalFileManager.swift */ = {isa = PBXFileReference; lastKnownFileType = sourcecode.swift; path = LocalFileManager.swift; sourceTree = "<group>"; };
		1166317E26C15924002BCBD3 /* SearchBarView.swift */ = {isa = PBXFileReference; lastKnownFileType = sourcecode.swift; path = SearchBarView.swift; sourceTree = "<group>"; };
		1166318026C15E52002BCBD3 /* UIApplication.swift */ = {isa = PBXFileReference; lastKnownFileType = sourcecode.swift; path = UIApplication.swift; sourceTree = "<group>"; };
		1166318226C296B2002BCBD3 /* StatisticsModel.swift */ = {isa = PBXFileReference; lastKnownFileType = sourcecode.swift; path = StatisticsModel.swift; sourceTree = "<group>"; };
		1166318526C297EA002BCBD3 /* MarketStatisticsView.swift */ = {isa = PBXFileReference; lastKnownFileType = sourcecode.swift; path = MarketStatisticsView.swift; sourceTree = "<group>"; };
		1166318726C29BDE002BCBD3 /* HomeStatisticsView.swift */ = {isa = PBXFileReference; lastKnownFileType = sourcecode.swift; path = HomeStatisticsView.swift; sourceTree = "<group>"; };
		1166318926C29F07002BCBD3 /* MarketDataModel.swift */ = {isa = PBXFileReference; lastKnownFileType = sourcecode.swift; path = MarketDataModel.swift; sourceTree = "<group>"; };
		11B68C7826CAABAC007AA8E9 /* HapticManager.swift */ = {isa = PBXFileReference; lastKnownFileType = sourcecode.swift; path = HapticManager.swift; sourceTree = "<group>"; };
		11B68C8126CAF8E4007AA8E9 /* CoinDetailModel.swift */ = {isa = PBXFileReference; lastKnownFileType = sourcecode.swift; path = CoinDetailModel.swift; sourceTree = "<group>"; };
		11B68C8326CAFBAD007AA8E9 /* DetailViewModel.swift */ = {isa = PBXFileReference; lastKnownFileType = sourcecode.swift; path = DetailViewModel.swift; sourceTree = "<group>"; };
		11B68C8526CAFBEA007AA8E9 /* CoinDetailDataService.swift */ = {isa = PBXFileReference; lastKnownFileType = sourcecode.swift; path = CoinDetailDataService.swift; sourceTree = "<group>"; };
		11F3339226CB03660061763A /* DetailView.swift */ = {isa = PBXFileReference; lastKnownFileType = sourcecode.swift; path = DetailView.swift; sourceTree = "<group>"; };
		11F3339426CBADF30061763A /* ChartView.swift */ = {isa = PBXFileReference; lastKnownFileType = sourcecode.swift; path = ChartView.swift; sourceTree = "<group>"; };
		11F3339626CBB8FB0061763A /* Date.swift */ = {isa = PBXFileReference; lastKnownFileType = sourcecode.swift; path = Date.swift; sourceTree = "<group>"; };
		11F3339826CBC7F30061763A /* String.swift */ = {isa = PBXFileReference; lastKnownFileType = sourcecode.swift; path = String.swift; sourceTree = "<group>"; };
		11F3339C26CBCFA00061763A /* SettingsView.swift */ = {isa = PBXFileReference; lastKnownFileType = sourcecode.swift; path = SettingsView.swift; sourceTree = "<group>"; };
/* End PBXFileReference section */

/* Begin PBXFrameworksBuildPhase section */
		110EF45726BC35E5000BB897 /* Frameworks */ = {
			isa = PBXFrameworksBuildPhase;
			buildActionMask = 2147483647;
			files = (
			);
			runOnlyForDeploymentPostprocessing = 0;
		};
/* End PBXFrameworksBuildPhase section */

/* Begin PBXGroup section */
		110EF45126BC35E5000BB897 = {
			isa = PBXGroup;
			children = (
				110EF45C26BC35E5000BB897 /* crypto-tracker */,
				110EF45B26BC35E5000BB897 /* Products */,
			);
			sourceTree = "<group>";
		};
		110EF45B26BC35E5000BB897 /* Products */ = {
			isa = PBXGroup;
			children = (
				110EF45A26BC35E5000BB897 /* crypto-tracker.app */,
			);
			name = Products;
			sourceTree = "<group>";
		};
		110EF45C26BC35E5000BB897 /* crypto-tracker */ = {
			isa = PBXGroup;
			children = (
				1166317326BDC813002BCBD3 /* Managers */,
				1166316D26BD8B6C002BCBD3 /* Services */,
				110EF47126BC3869000BB897 /* Core */,
				110EF46E26BC36F2000BB897 /* Extensions */,
				1166316226BC4C6D002BCBD3 /* Models */,
				110EF45D26BC35E5000BB897 /* crypto_trackerApp.swift */,
				110EF45F26BC35E5000BB897 /* ContentView.swift */,
				110EF46C26BC36B2000BB897 /* Assets.xcassets */,
				110EF46626BC35E6000BB897 /* Info.plist */,
				110EF46326BC35E6000BB897 /* Preview Content */,
			);
			path = "crypto-tracker";
			sourceTree = "<group>";
		};
		110EF46326BC35E6000BB897 /* Preview Content */ = {
			isa = PBXGroup;
			children = (
				110EF46426BC35E6000BB897 /* Preview Assets.xcassets */,
			);
			path = "Preview Content";
			sourceTree = "<group>";
		};
		110EF46E26BC36F2000BB897 /* Extensions */ = {
			isa = PBXGroup;
			children = (
				110EF46F26BC3709000BB897 /* Color.swift */,
				1166316726BD6821002BCBD3 /* PreviewProvider.swift */,
				1166316926BD6B4C002BCBD3 /* Double.swift */,
				1166318026C15E52002BCBD3 /* UIApplication.swift */,
				11F3339626CBB8FB0061763A /* Date.swift */,
				11F3339826CBC7F30061763A /* String.swift */,
			);
			path = Extensions;
			sourceTree = "<group>";
		};
		110EF47126BC3869000BB897 /* Core */ = {
			isa = PBXGroup;
			children = (
				11F3339A26CBCF810061763A /* Settings */,
				11B68C7B26CAE9AE007AA8E9 /* Detail */,
				110EF47726BC395C000BB897 /* Components */,
				110EF47226BC387A000BB897 /* Home */,
			);
			path = Core;
			sourceTree = "<group>";
		};
		110EF47226BC387A000BB897 /* Home */ = {
			isa = PBXGroup;
			children = (
				110EF47426BC3888000BB897 /* ViewModels */,
				110EF47326BC3883000BB897 /* Views */,
			);
			path = Home;
			sourceTree = "<group>";
		};
		110EF47326BC3883000BB897 /* Views */ = {
			isa = PBXGroup;
			children = (
				110EF47526BC38A1000BB897 /* HomeView.swift */,
				1166316526BD67CB002BCBD3 /* CoinRowView.swift */,
				1127A4E626CA5DF300C8A5EE /* PortfolioView.swift */,
			);
			path = Views;
			sourceTree = "<group>";
		};
		110EF47426BC3888000BB897 /* ViewModels */ = {
			isa = PBXGroup;
			children = (
				1166316B26BD84EF002BCBD3 /* HomeViewModel.swift */,
			);
			path = ViewModels;
			sourceTree = "<group>";
		};
		110EF47726BC395C000BB897 /* Components */ = {
			isa = PBXGroup;
			children = (
				1127A4E826CA605200C8A5EE /* XMarkButton */,
				1166318426C297C4002BCBD3 /* MarketStatistics */,
				1166317D26C15910002BCBD3 /* SearchBar */,
				1166317426BDD034002BCBD3 /* CoinImage */,
				110EF47826BC3971000BB897 /* CircleButton */,
			);
			path = Components;
			sourceTree = "<group>";
		};
		110EF47826BC3971000BB897 /* CircleButton */ = {
			isa = PBXGroup;
			children = (
				110EF47926BC397F000BB897 /* CircleButtonView.swift */,
				1166316026BC49B2002BCBD3 /* CircleButtonAnimationView.swift */,
			);
			path = CircleButton;
			sourceTree = "<group>";
		};
		1127A4E826CA605200C8A5EE /* XMarkButton */ = {
			isa = PBXGroup;
			children = (
				1127A4E926CA607000C8A5EE /* XMarkButton.swift */,
			);
			path = XMarkButton;
			sourceTree = "<group>";
		};
		1166316226BC4C6D002BCBD3 /* Models */ = {
			isa = PBXGroup;
			children = (
				1166316326BD6328002BCBD3 /* CoinModel.swift */,
				1166318226C296B2002BCBD3 /* StatisticsModel.swift */,
				1166318926C29F07002BCBD3 /* MarketDataModel.swift */,
				1127A4ED26CA8F7600C8A5EE /* PortfolioContainer.xcdatamodeld */,
				11B68C8126CAF8E4007AA8E9 /* CoinDetailModel.swift */,
			);
			path = Models;
			sourceTree = "<group>";
		};
		1166316D26BD8B6C002BCBD3 /* Services */ = {
			isa = PBXGroup;
			children = (
				1166316E26BD8B7F002BCBD3 /* CoinDataService.swift */,
				1166317726BDD1BE002BCBD3 /* CoinImageService.swift */,
				1127A4E426C9A11200C8A5EE /* MarketDataService.swift */,
				1127A4F026CA900000C8A5EE /* PortfolioDataService.swift */,
				11B68C8526CAFBEA007AA8E9 /* CoinDetailDataService.swift */,
			);
			path = Services;
			sourceTree = "<group>";
		};
		1166317326BDC813002BCBD3 /* Managers */ = {
			isa = PBXGroup;
			children = (
				1166317126BDC806002BCBD3 /* NetworkManager.swift */,
				1166317B26C13156002BCBD3 /* LocalFileManager.swift */,
				11B68C7826CAABAC007AA8E9 /* HapticManager.swift */,
			);
			path = Managers;
			sourceTree = "<group>";
		};
		1166317426BDD034002BCBD3 /* CoinImage */ = {
			isa = PBXGroup;
			children = (
				1166317526BDD042002BCBD3 /* CoinImageView.swift */,
				1166317926BDD352002BCBD3 /* CoinImageViewModel.swift */,
				1127A4EB26CA623800C8A5EE /* CoinLogoView.swift */,
			);
			path = CoinImage;
			sourceTree = "<group>";
		};
		1166317D26C15910002BCBD3 /* SearchBar */ = {
			isa = PBXGroup;
			children = (
				1166317E26C15924002BCBD3 /* SearchBarView.swift */,
			);
			path = SearchBar;
			sourceTree = "<group>";
		};
		1166318426C297C4002BCBD3 /* MarketStatistics */ = {
			isa = PBXGroup;
			children = (
				1166318526C297EA002BCBD3 /* MarketStatisticsView.swift */,
				1166318726C29BDE002BCBD3 /* HomeStatisticsView.swift */,
			);
			path = MarketStatistics;
			sourceTree = "<group>";
		};
		11B68C7B26CAE9AE007AA8E9 /* Detail */ = {
			isa = PBXGroup;
			children = (
				11B68C7E26CAE9E3007AA8E9 /* Views */,
				11B68C7C26CAE9BF007AA8E9 /* ViewModels */,
			);
			path = Detail;
			sourceTree = "<group>";
		};
		11B68C7C26CAE9BF007AA8E9 /* ViewModels */ = {
			isa = PBXGroup;
			children = (
				11B68C8326CAFBAD007AA8E9 /* DetailViewModel.swift */,
			);
			path = ViewModels;
			sourceTree = "<group>";
		};
		11B68C7E26CAE9E3007AA8E9 /* Views */ = {
			isa = PBXGroup;
			children = (
				11F3339226CB03660061763A /* DetailView.swift */,
				11F3339426CBADF30061763A /* ChartView.swift */,
			);
			path = Views;
			sourceTree = "<group>";
		};
		11F3339A26CBCF810061763A /* Settings */ = {
			isa = PBXGroup;
			children = (
				11F3339B26CBCF8D0061763A /* Views */,
			);
			path = Settings;
			sourceTree = "<group>";
		};
		11F3339B26CBCF8D0061763A /* Views */ = {
			isa = PBXGroup;
			children = (
				11F3339C26CBCFA00061763A /* SettingsView.swift */,
			);
			path = Views;
			sourceTree = "<group>";
		};
/* End PBXGroup section */

/* Begin PBXNativeTarget section */
		110EF45926BC35E5000BB897 /* crypto-tracker */ = {
			isa = PBXNativeTarget;
			buildConfigurationList = 110EF46926BC35E6000BB897 /* Build configuration list for PBXNativeTarget "crypto-tracker" */;
			buildPhases = (
				110EF45626BC35E5000BB897 /* Sources */,
				110EF45726BC35E5000BB897 /* Frameworks */,
				110EF45826BC35E5000BB897 /* Resources */,
			);
			buildRules = (
			);
			dependencies = (
			);
			name = "crypto-tracker";
			productName = "crypto-tracker";
			productReference = 110EF45A26BC35E5000BB897 /* crypto-tracker.app */;
			productType = "com.apple.product-type.application";
		};
/* End PBXNativeTarget section */

/* Begin PBXProject section */
		110EF45226BC35E5000BB897 /* Project object */ = {
			isa = PBXProject;
			attributes = {
				LastSwiftUpdateCheck = 1250;
				LastUpgradeCheck = 1250;
				TargetAttributes = {
					110EF45926BC35E5000BB897 = {
						CreatedOnToolsVersion = 12.5.1;
					};
				};
			};
			buildConfigurationList = 110EF45526BC35E5000BB897 /* Build configuration list for PBXProject "crypto-tracker" */;
			compatibilityVersion = "Xcode 9.3";
			developmentRegion = en;
			hasScannedForEncodings = 0;
			knownRegions = (
				en,
				Base,
			);
			mainGroup = 110EF45126BC35E5000BB897;
			productRefGroup = 110EF45B26BC35E5000BB897 /* Products */;
			projectDirPath = "";
			projectRoot = "";
			targets = (
				110EF45926BC35E5000BB897 /* crypto-tracker */,
			);
		};
/* End PBXProject section */

/* Begin PBXResourcesBuildPhase section */
		110EF45826BC35E5000BB897 /* Resources */ = {
			isa = PBXResourcesBuildPhase;
			buildActionMask = 2147483647;
			files = (
				110EF46526BC35E6000BB897 /* Preview Assets.xcassets in Resources */,
				110EF46D26BC36B2000BB897 /* Assets.xcassets in Resources */,
			);
			runOnlyForDeploymentPostprocessing = 0;
		};
/* End PBXResourcesBuildPhase section */

/* Begin PBXSourcesBuildPhase section */
		110EF45626BC35E5000BB897 /* Sources */ = {
			isa = PBXSourcesBuildPhase;
			buildActionMask = 2147483647;
			files = (
				1127A4EF26CA8F7600C8A5EE /* PortfolioContainer.xcdatamodeld in Sources */,
				1166316F26BD8B7F002BCBD3 /* CoinDataService.swift in Sources */,
				1166316626BD67CB002BCBD3 /* CoinRowView.swift in Sources */,
				11F3339526CBADF30061763A /* ChartView.swift in Sources */,
				11F3339326CB03660061763A /* DetailView.swift in Sources */,
				1166316C26BD84EF002BCBD3 /* HomeViewModel.swift in Sources */,
				1127A4EA26CA607000C8A5EE /* XMarkButton.swift in Sources */,
				11F3339726CBB8FB0061763A /* Date.swift in Sources */,
				1166317226BDC806002BCBD3 /* NetworkManager.swift in Sources */,
				1166317C26C13156002BCBD3 /* LocalFileManager.swift in Sources */,
				110EF46026BC35E5000BB897 /* ContentView.swift in Sources */,
				1166318A26C29F07002BCBD3 /* MarketDataModel.swift in Sources */,
				1166318826C29BDE002BCBD3 /* HomeStatisticsView.swift in Sources */,
				110EF47626BC38A1000BB897 /* HomeView.swift in Sources */,
				110EF45E26BC35E5000BB897 /* crypto_trackerApp.swift in Sources */,
				1166318326C296B2002BCBD3 /* StatisticsModel.swift in Sources */,
				1166318126C15E52002BCBD3 /* UIApplication.swift in Sources */,
				110EF47A26BC397F000BB897 /* CircleButtonView.swift in Sources */,
				1166318626C297EA002BCBD3 /* MarketStatisticsView.swift in Sources */,
				11B68C7926CAABAC007AA8E9 /* HapticManager.swift in Sources */,
				1166317626BDD042002BCBD3 /* CoinImageView.swift in Sources */,
				1166317F26C15924002BCBD3 /* SearchBarView.swift in Sources */,
				1127A4EC26CA623800C8A5EE /* CoinLogoView.swift in Sources */,
				110EF47026BC3709000BB897 /* Color.swift in Sources */,
				1127A4E526C9A11200C8A5EE /* MarketDataService.swift in Sources */,
				1166316126BC49B2002BCBD3 /* CircleButtonAnimationView.swift in Sources */,
				1166317A26BDD352002BCBD3 /* CoinImageViewModel.swift in Sources */,
				11F3339926CBC7F30061763A /* String.swift in Sources */,
				1166316826BD6821002BCBD3 /* PreviewProvider.swift in Sources */,
				1127A4E726CA5DF300C8A5EE /* PortfolioView.swift in Sources */,
				1166316A26BD6B4C002BCBD3 /* Double.swift in Sources */,
				1166317826BDD1BE002BCBD3 /* CoinImageService.swift in Sources */,
				11B68C8226CAF8E4007AA8E9 /* CoinDetailModel.swift in Sources */,
				1166316426BD6328002BCBD3 /* CoinModel.swift in Sources */,
				11B68C8626CAFBEA007AA8E9 /* CoinDetailDataService.swift in Sources */,
				11B68C8426CAFBAD007AA8E9 /* DetailViewModel.swift in Sources */,
				1127A4F126CA900000C8A5EE /* PortfolioDataService.swift in Sources */,
				11F3339D26CBCFA00061763A /* SettingsView.swift in Sources */,
			);
			runOnlyForDeploymentPostprocessing = 0;
		};
/* End PBXSourcesBuildPhase section */

/* Begin XCBuildConfiguration section */
		110EF46726BC35E6000BB897 /* Debug */ = {
			isa = XCBuildConfiguration;
			buildSettings = {
				ALWAYS_SEARCH_USER_PATHS = NO;
				CLANG_ANALYZER_NONNULL = YES;
				CLANG_ANALYZER_NUMBER_OBJECT_CONVERSION = YES_AGGRESSIVE;
				CLANG_CXX_LANGUAGE_STANDARD = "gnu++14";
				CLANG_CXX_LIBRARY = "libc++";
				CLANG_ENABLE_MODULES = YES;
				CLANG_ENABLE_OBJC_ARC = YES;
				CLANG_ENABLE_OBJC_WEAK = YES;
				CLANG_WARN_BLOCK_CAPTURE_AUTORELEASING = YES;
				CLANG_WARN_BOOL_CONVERSION = YES;
				CLANG_WARN_COMMA = YES;
				CLANG_WARN_CONSTANT_CONVERSION = YES;
				CLANG_WARN_DEPRECATED_OBJC_IMPLEMENTATIONS = YES;
				CLANG_WARN_DIRECT_OBJC_ISA_USAGE = YES_ERROR;
				CLANG_WARN_DOCUMENTATION_COMMENTS = YES;
				CLANG_WARN_EMPTY_BODY = YES;
				CLANG_WARN_ENUM_CONVERSION = YES;
				CLANG_WARN_INFINITE_RECURSION = YES;
				CLANG_WARN_INT_CONVERSION = YES;
				CLANG_WARN_NON_LITERAL_NULL_CONVERSION = YES;
				CLANG_WARN_OBJC_IMPLICIT_RETAIN_SELF = YES;
				CLANG_WARN_OBJC_LITERAL_CONVERSION = YES;
				CLANG_WARN_OBJC_ROOT_CLASS = YES_ERROR;
				CLANG_WARN_QUOTED_INCLUDE_IN_FRAMEWORK_HEADER = YES;
				CLANG_WARN_RANGE_LOOP_ANALYSIS = YES;
				CLANG_WARN_STRICT_PROTOTYPES = YES;
				CLANG_WARN_SUSPICIOUS_MOVE = YES;
				CLANG_WARN_UNGUARDED_AVAILABILITY = YES_AGGRESSIVE;
				CLANG_WARN_UNREACHABLE_CODE = YES;
				CLANG_WARN__DUPLICATE_METHOD_MATCH = YES;
				COPY_PHASE_STRIP = NO;
				DEBUG_INFORMATION_FORMAT = dwarf;
				ENABLE_STRICT_OBJC_MSGSEND = YES;
				ENABLE_TESTABILITY = YES;
				GCC_C_LANGUAGE_STANDARD = gnu11;
				GCC_DYNAMIC_NO_PIC = NO;
				GCC_NO_COMMON_BLOCKS = YES;
				GCC_OPTIMIZATION_LEVEL = 0;
				GCC_PREPROCESSOR_DEFINITIONS = (
					"DEBUG=1",
					"$(inherited)",
				);
				GCC_WARN_64_TO_32_BIT_CONVERSION = YES;
				GCC_WARN_ABOUT_RETURN_TYPE = YES_ERROR;
				GCC_WARN_UNDECLARED_SELECTOR = YES;
				GCC_WARN_UNINITIALIZED_AUTOS = YES_AGGRESSIVE;
				GCC_WARN_UNUSED_FUNCTION = YES;
				GCC_WARN_UNUSED_VARIABLE = YES;
				IPHONEOS_DEPLOYMENT_TARGET = 14.5;
				MTL_ENABLE_DEBUG_INFO = INCLUDE_SOURCE;
				MTL_FAST_MATH = YES;
				ONLY_ACTIVE_ARCH = YES;
				SDKROOT = iphoneos;
				SWIFT_ACTIVE_COMPILATION_CONDITIONS = DEBUG;
				SWIFT_OPTIMIZATION_LEVEL = "-Onone";
			};
			name = Debug;
		};
		110EF46826BC35E6000BB897 /* Release */ = {
			isa = XCBuildConfiguration;
			buildSettings = {
				ALWAYS_SEARCH_USER_PATHS = NO;
				CLANG_ANALYZER_NONNULL = YES;
				CLANG_ANALYZER_NUMBER_OBJECT_CONVERSION = YES_AGGRESSIVE;
				CLANG_CXX_LANGUAGE_STANDARD = "gnu++14";
				CLANG_CXX_LIBRARY = "libc++";
				CLANG_ENABLE_MODULES = YES;
				CLANG_ENABLE_OBJC_ARC = YES;
				CLANG_ENABLE_OBJC_WEAK = YES;
				CLANG_WARN_BLOCK_CAPTURE_AUTORELEASING = YES;
				CLANG_WARN_BOOL_CONVERSION = YES;
				CLANG_WARN_COMMA = YES;
				CLANG_WARN_CONSTANT_CONVERSION = YES;
				CLANG_WARN_DEPRECATED_OBJC_IMPLEMENTATIONS = YES;
				CLANG_WARN_DIRECT_OBJC_ISA_USAGE = YES_ERROR;
				CLANG_WARN_DOCUMENTATION_COMMENTS = YES;
				CLANG_WARN_EMPTY_BODY = YES;
				CLANG_WARN_ENUM_CONVERSION = YES;
				CLANG_WARN_INFINITE_RECURSION = YES;
				CLANG_WARN_INT_CONVERSION = YES;
				CLANG_WARN_NON_LITERAL_NULL_CONVERSION = YES;
				CLANG_WARN_OBJC_IMPLICIT_RETAIN_SELF = YES;
				CLANG_WARN_OBJC_LITERAL_CONVERSION = YES;
				CLANG_WARN_OBJC_ROOT_CLASS = YES_ERROR;
				CLANG_WARN_QUOTED_INCLUDE_IN_FRAMEWORK_HEADER = YES;
				CLANG_WARN_RANGE_LOOP_ANALYSIS = YES;
				CLANG_WARN_STRICT_PROTOTYPES = YES;
				CLANG_WARN_SUSPICIOUS_MOVE = YES;
				CLANG_WARN_UNGUARDED_AVAILABILITY = YES_AGGRESSIVE;
				CLANG_WARN_UNREACHABLE_CODE = YES;
				CLANG_WARN__DUPLICATE_METHOD_MATCH = YES;
				COPY_PHASE_STRIP = NO;
				DEBUG_INFORMATION_FORMAT = "dwarf-with-dsym";
				ENABLE_NS_ASSERTIONS = NO;
				ENABLE_STRICT_OBJC_MSGSEND = YES;
				GCC_C_LANGUAGE_STANDARD = gnu11;
				GCC_NO_COMMON_BLOCKS = YES;
				GCC_WARN_64_TO_32_BIT_CONVERSION = YES;
				GCC_WARN_ABOUT_RETURN_TYPE = YES_ERROR;
				GCC_WARN_UNDECLARED_SELECTOR = YES;
				GCC_WARN_UNINITIALIZED_AUTOS = YES_AGGRESSIVE;
				GCC_WARN_UNUSED_FUNCTION = YES;
				GCC_WARN_UNUSED_VARIABLE = YES;
				IPHONEOS_DEPLOYMENT_TARGET = 14.5;
				MTL_ENABLE_DEBUG_INFO = NO;
				MTL_FAST_MATH = YES;
				SDKROOT = iphoneos;
				SWIFT_COMPILATION_MODE = wholemodule;
				SWIFT_OPTIMIZATION_LEVEL = "-O";
				VALIDATE_PRODUCT = YES;
			};
			name = Release;
		};
		110EF46A26BC35E6000BB897 /* Debug */ = {
			isa = XCBuildConfiguration;
			buildSettings = {
				ASSETCATALOG_COMPILER_APPICON_NAME = AppIcon;
				ASSETCATALOG_COMPILER_GLOBAL_ACCENT_COLOR_NAME = AccentColor;
				CODE_SIGN_STYLE = Automatic;
				DEVELOPMENT_ASSET_PATHS = "\"crypto-tracker/Preview Content\"";
				DEVELOPMENT_TEAM = C6DQVPTV2K;
				ENABLE_PREVIEWS = YES;
				INFOPLIST_FILE = "crypto-tracker/Info.plist";
				IPHONEOS_DEPLOYMENT_TARGET = 14.0;
				LD_RUNPATH_SEARCH_PATHS = (
					"$(inherited)",
					"@executable_path/Frameworks",
				);
				PRODUCT_BUNDLE_IDENTIFIER = "uk.co.rickbrown.crypto-tracker";
				PRODUCT_NAME = "$(TARGET_NAME)";
				SWIFT_VERSION = 5.0;
				TARGETED_DEVICE_FAMILY = "1,2";
			};
			name = Debug;
		};
		110EF46B26BC35E6000BB897 /* Release */ = {
			isa = XCBuildConfiguration;
			buildSettings = {
				ASSETCATALOG_COMPILER_APPICON_NAME = AppIcon;
				ASSETCATALOG_COMPILER_GLOBAL_ACCENT_COLOR_NAME = AccentColor;
				CODE_SIGN_STYLE = Automatic;
				DEVELOPMENT_ASSET_PATHS = "\"crypto-tracker/Preview Content\"";
				DEVELOPMENT_TEAM = C6DQVPTV2K;
				ENABLE_PREVIEWS = YES;
				INFOPLIST_FILE = "crypto-tracker/Info.plist";
				IPHONEOS_DEPLOYMENT_TARGET = 14.0;
				LD_RUNPATH_SEARCH_PATHS = (
					"$(inherited)",
					"@executable_path/Frameworks",
				);
				PRODUCT_BUNDLE_IDENTIFIER = "uk.co.rickbrown.crypto-tracker";
				PRODUCT_NAME = "$(TARGET_NAME)";
				SWIFT_VERSION = 5.0;
				TARGETED_DEVICE_FAMILY = "1,2";
			};
			name = Release;
		};
/* End XCBuildConfiguration section */

/* Begin XCConfigurationList section */
		110EF45526BC35E5000BB897 /* Build configuration list for PBXProject "crypto-tracker" */ = {
			isa = XCConfigurationList;
			buildConfigurations = (
				110EF46726BC35E6000BB897 /* Debug */,
				110EF46826BC35E6000BB897 /* Release */,
			);
			defaultConfigurationIsVisible = 0;
			defaultConfigurationName = Release;
		};
		110EF46926BC35E6000BB897 /* Build configuration list for PBXNativeTarget "crypto-tracker" */ = {
			isa = XCConfigurationList;
			buildConfigurations = (
				110EF46A26BC35E6000BB897 /* Debug */,
				110EF46B26BC35E6000BB897 /* Release */,
			);
			defaultConfigurationIsVisible = 0;
			defaultConfigurationName = Release;
		};
/* End XCConfigurationList section */

/* Begin XCVersionGroup section */
		1127A4ED26CA8F7600C8A5EE /* PortfolioContainer.xcdatamodeld */ = {
			isa = XCVersionGroup;
			children = (
				1127A4EE26CA8F7600C8A5EE /* PortfolioContainer.xcdatamodel */,
			);
			currentVersion = 1127A4EE26CA8F7600C8A5EE /* PortfolioContainer.xcdatamodel */;
			path = PortfolioContainer.xcdatamodeld;
			sourceTree = "<group>";
			versionGroupType = wrapper.xcdatamodel;
		};
/* End XCVersionGroup section */
	};
	rootObject = 110EF45226BC35E5000BB897 /* Project object */;
}
